
Microsoft Visual Studio Solution File, Format Version 12.00
# Visual Studio Version 17
VisualStudioVersion = 17.3.32922.545
MinimumVisualStudioVersion = 10.0.40219.1
Project("{FAE04EC0-301F-11D3-BF4B-00C04F79EFBC}") = "Dapper_DemoV2", "Dapper_DemoV2\Dapper_DemoV2.csproj", "{0F1364DC-2B0B-4BB7-96F6-7F22DE43072B}"
EndProject
Global
	GlobalSection(SolutionConfigurationPlatforms) = preSolution
		Debug|Any CPU = Debug|Any CPU
		Release|Any CPU = Release|Any CPU
	EndGlobalSection
	GlobalSection(ProjectConfigurationPlatforms) = postSolution
		{0F1364DC-2B0B-4BB7-96F6-7F22DE43072B}.Debug|Any CPU.ActiveCfg = Debug|Any CPU
		{0F1364DC-2B0B-4BB7-96F6-7F22DE43072B}.Debug|Any CPU.Build.0 = Debug|Any CPU
		{0F1364DC-2B0B-4BB7-96F6-7F22DE43072B}.Release|Any CPU.ActiveCfg = Release|Any CPU
		{0F1364DC-2B0B-4BB7-96F6-7F22DE43072B}.Release|Any CPU.Build.0 = Release|Any CPU
	EndGlobalSection
	GlobalSection(SolutionProperties) = preSolution
		HideSolutionNode = FALSE
	EndGlobalSection
	GlobalSection(ExtensibilityGlobals) = postSolution
		SolutionGuid = {33FE5AA4-4E0E-41A1-BD96-7A92727BDFAD}
	EndGlobalSection
EndGlobal
